
Microsoft Visual Studio Solution File, Format Version 12.00
# Visual Studio Version 16
VisualStudioVersion = 16.0.33130.400
MinimumVisualStudioVersion = 10.0.40219.1
Project("{8BC9CEB8-8B4A-11D0-8D11-00A0C91BC942}") = "Hi-Lo Game", "Hi-Lo Game.vcxproj", "{109AC8C5-BB96-4186-9685-BDFAD5F29FA4}"
EndProject
Global
	GlobalSection(SolutionConfigurationPlatforms) = preSolution
		Debug|x64 = Debug|x64
		Debug|x86 = Debug|x86
		Release|x64 = Release|x64
		Release|x86 = Release|x86
	EndGlobalSection
	GlobalSection(ProjectConfigurationPlatforms) = postSolution
		{109AC8C5-BB96-4186-9685-BDFAD5F29FA4}.Debug|x64.ActiveCfg = Debug|x64
		{109AC8C5-BB96-4186-9685-BDFAD5F29FA4}.Debug|x64.Build.0 = Debug|x64
		{109AC8C5-BB96-4186-9685-BDFAD5F29FA4}.Debug|x86.ActiveCfg = Debug|Win32
		{109AC8C5-BB96-4186-9685-BDFAD5F29FA4}.Debug|x86.Build.0 = Debug|Win32
		{109AC8C5-BB96-4186-9685-BDFAD5F29FA4}.Release|x64.ActiveCfg = Release|x64
		{109AC8C5-BB96-4186-9685-BDFAD5F29FA4}.Release|x64.Build.0 = Release|x64
		{109AC8C5-BB96-4186-9685-BDFAD5F29FA4}.Release|x86.ActiveCfg = Release|Win32
		{109AC8C5-BB96-4186-9685-BDFAD5F29FA4}.Release|x86.Build.0 = Release|Win32
	EndGlobalSection
	GlobalSection(SolutionProperties) = preSolution
		HideSolutionNode = FALSE
	EndGlobalSection
	GlobalSection(ExtensibilityGlobals) = postSolution
		SolutionGuid = {5FDB47CB-B332-43DB-8C0F-0A481B4CE4F3}
	EndGlobalSection
EndGlobal
